
Microsoft Visual Studio Solution File, Format Version 12.00
# Visual Studio Version 17
VisualStudioVersion = 17.4.33122.133
MinimumVisualStudioVersion = 10.0.40219.1
Project("{FAE04EC0-301F-11D3-BF4B-00C04F79EFBC}") = "Proces_ile_hesap_makinesi", "Proces_ile_hesap_makinesi\Proces_ile_hesap_makinesi.csproj", "{85B0FED4-6130-44BB-8FFE-97F7FA5E6586}"
EndProject
Global
	GlobalSection(SolutionConfigurationPlatforms) = preSolution
		Debug|Any CPU = Debug|Any CPU
		Release|Any CPU = Release|Any CPU
	EndGlobalSection
	GlobalSection(ProjectConfigurationPlatforms) = postSolution
		{85B0FED4-6130-44BB-8FFE-97F7FA5E6586}.Debug|Any CPU.ActiveCfg = Debug|Any CPU
		{85B0FED4-6130-44BB-8FFE-97F7FA5E6586}.Debug|Any CPU.Build.0 = Debug|Any CPU
		{85B0FED4-6130-44BB-8FFE-97F7FA5E6586}.Release|Any CPU.ActiveCfg = Release|Any CPU
		{85B0FED4-6130-44BB-8FFE-97F7FA5E6586}.Release|Any CPU.Build.0 = Release|Any CPU
	EndGlobalSection
	GlobalSection(SolutionProperties) = preSolution
		HideSolutionNode = FALSE
	EndGlobalSection
	GlobalSection(ExtensibilityGlobals) = postSolution
		SolutionGuid = {CF6A09C2-2E68-4394-9BD1-2070CE6F34CB}
	EndGlobalSection
EndGlobal
